
Microsoft Visual Studio Solution File, Format Version 12.00
# Visual Studio Version 16
VisualStudioVersion = 16.0.31702.278
MinimumVisualStudioVersion = 10.0.40219.1
Project("{FAE04EC0-301F-11D3-BF4B-00C04F79EFBC}") = "WeatherData", "WeatherData\WeatherData.csproj", "{CFF5A7B9-9E37-41FA-9F80-D13B6E518CE1}"
EndProject
Project("{FAE04EC0-301F-11D3-BF4B-00C04F79EFBC}") = "SoccerLeagueTable", "SoccerLeagueTable\SoccerLeagueTable.csproj", "{CA414BF1-AD48-4395-9579-A9D2B9578066}"
EndProject
Global
	GlobalSection(SolutionConfigurationPlatforms) = preSolution
		Debug|Any CPU = Debug|Any CPU
		Release|Any CPU = Release|Any CPU
	EndGlobalSection
	GlobalSection(ProjectConfigurationPlatforms) = postSolution
		{CFF5A7B9-9E37-41FA-9F80-D13B6E518CE1}.Debug|Any CPU.ActiveCfg = Debug|Any CPU
		{CFF5A7B9-9E37-41FA-9F80-D13B6E518CE1}.Debug|Any CPU.Build.0 = Debug|Any CPU
		{CFF5A7B9-9E37-41FA-9F80-D13B6E518CE1}.Release|Any CPU.ActiveCfg = Release|Any CPU
		{CFF5A7B9-9E37-41FA-9F80-D13B6E518CE1}.Release|Any CPU.Build.0 = Release|Any CPU
		{CA414BF1-AD48-4395-9579-A9D2B9578066}.Debug|Any CPU.ActiveCfg = Debug|Any CPU
		{CA414BF1-AD48-4395-9579-A9D2B9578066}.Debug|Any CPU.Build.0 = Debug|Any CPU
		{CA414BF1-AD48-4395-9579-A9D2B9578066}.Release|Any CPU.ActiveCfg = Release|Any CPU
		{CA414BF1-AD48-4395-9579-A9D2B9578066}.Release|Any CPU.Build.0 = Release|Any CPU
	EndGlobalSection
	GlobalSection(SolutionProperties) = preSolution
		HideSolutionNode = FALSE
	EndGlobalSection
	GlobalSection(ExtensibilityGlobals) = postSolution
		SolutionGuid = {E0711DB1-4968-4F1F-875A-9127026D432A}
	EndGlobalSection
EndGlobal
